
Microsoft Visual Studio Solution File, Format Version 12.00
# Visual Studio 15
VisualStudioVersion = 15.0.28010.2050
MinimumVisualStudioVersion = 10.0.40219.1
Project("{9A19103F-16F7-4668-BE54-9A1E7A4F7556}") = "Peachpied.Wordpress.Module", "src\Peachpied.Wordpress.Module\Peachpied.Wordpress.Module.csproj", "{45B3E77B-9794-4AC1-8958-FEAE0988668F}"
EndProject
Project("{2150E333-8FDC-42A3-9474-1A3956D46DE8}") = "Common Settings", "Common Settings", "{F6E15DCA-6D87-422B-BC50-9F62C4DE9B7F}"
	ProjectSection(SolutionItems) = preProject
		azure-pipelines.yml = azure-pipelines.yml
		Common.props = Common.props
		Library.props = Library.props
		NuGet.Config = NuGet.Config
		Package.props = Package.props
	EndProjectSection
EndProject
Global
	GlobalSection(SolutionConfigurationPlatforms) = preSolution
		Debug|Any CPU = Debug|Any CPU
		Release|Any CPU = Release|Any CPU
	EndGlobalSection
	GlobalSection(ProjectConfigurationPlatforms) = postSolution
		{45B3E77B-9794-4AC1-8958-FEAE0988668F}.Debug|Any CPU.ActiveCfg = Debug|Any CPU
		{45B3E77B-9794-4AC1-8958-FEAE0988668F}.Debug|Any CPU.Build.0 = Debug|Any CPU
		{45B3E77B-9794-4AC1-8958-FEAE0988668F}.Release|Any CPU.ActiveCfg = Release|Any CPU
		{45B3E77B-9794-4AC1-8958-FEAE0988668F}.Release|Any CPU.Build.0 = Release|Any CPU
	EndGlobalSection
	GlobalSection(SolutionProperties) = preSolution
		HideSolutionNode = FALSE
	EndGlobalSection
	GlobalSection(ExtensibilityGlobals) = postSolution
		SolutionGuid = {33A94666-B985-4806-8F9A-6FF4F612E9D8}
	EndGlobalSection
EndGlobal
